
Microsoft Visual Studio Solution File, Format Version 12.00
# Visual Studio Version 17
VisualStudioVersion = 17.4.33403.182
MinimumVisualStudioVersion = 10.0.40219.1
Project("{9A19103F-16F7-4668-BE54-9A1E7A4F7556}") = "ShoppingCartAppTest", "ShoppingCartAppTest\ShoppingCartAppTest.csproj", "{827CDF05-F8EA-44CB-BD47-74BCC4FE1542}"
EndProject
Project("{9A19103F-16F7-4668-BE54-9A1E7A4F7556}") = "ShoppingCartApp", "ShoppingCartApp\ShoppingCartApp.csproj", "{AD3282AF-93F9-475B-B2DB-AAE860149B0A}"
EndProject
Project("{FAE04EC0-301F-11D3-BF4B-00C04F79EFBC}") = "ShoppingCartApi", "ShoppingCartApi\ShoppingCartApi.csproj", "{C037595B-F84B-41F8-A7EF-67C69ADA2D49}"
EndProject
Global
	GlobalSection(SolutionConfigurationPlatforms) = preSolution
		Debug|Any CPU = Debug|Any CPU
		Release|Any CPU = Release|Any CPU
	EndGlobalSection
	GlobalSection(ProjectConfigurationPlatforms) = postSolution
		{827CDF05-F8EA-44CB-BD47-74BCC4FE1542}.Debug|Any CPU.ActiveCfg = Debug|Any CPU
		{827CDF05-F8EA-44CB-BD47-74BCC4FE1542}.Debug|Any CPU.Build.0 = Debug|Any CPU
		{827CDF05-F8EA-44CB-BD47-74BCC4FE1542}.Release|Any CPU.ActiveCfg = Release|Any CPU
		{827CDF05-F8EA-44CB-BD47-74BCC4FE1542}.Release|Any CPU.Build.0 = Release|Any CPU
		{AD3282AF-93F9-475B-B2DB-AAE860149B0A}.Debug|Any CPU.ActiveCfg = Debug|Any CPU
		{AD3282AF-93F9-475B-B2DB-AAE860149B0A}.Debug|Any CPU.Build.0 = Debug|Any CPU
		{AD3282AF-93F9-475B-B2DB-AAE860149B0A}.Release|Any CPU.ActiveCfg = Release|Any CPU
		{AD3282AF-93F9-475B-B2DB-AAE860149B0A}.Release|Any CPU.Build.0 = Release|Any CPU
		{C037595B-F84B-41F8-A7EF-67C69ADA2D49}.Debug|Any CPU.ActiveCfg = Debug|Any CPU
		{C037595B-F84B-41F8-A7EF-67C69ADA2D49}.Debug|Any CPU.Build.0 = Debug|Any CPU
		{C037595B-F84B-41F8-A7EF-67C69ADA2D49}.Release|Any CPU.ActiveCfg = Release|Any CPU
		{C037595B-F84B-41F8-A7EF-67C69ADA2D49}.Release|Any CPU.Build.0 = Release|Any CPU
	EndGlobalSection
	GlobalSection(SolutionProperties) = preSolution
		HideSolutionNode = FALSE
	EndGlobalSection
	GlobalSection(ExtensibilityGlobals) = postSolution
		SolutionGuid = {A1535F46-8F7B-4F0D-9F9E-1819EB12AD64}
	EndGlobalSection
EndGlobal
